// !$*UTF8*$!
{
	archiveVersion = 1;
	classes = {
	};
	objectVersion = 56;
	objects = {

/* Begin PBXBuildFile section */
		04C9DECD2AB964E200B53617 /* AKHabbitsApp.swift in Sources */ = {isa = PBXBuildFile; fileRef = 04C9DECC2AB964E200B53617 /* AKHabbitsApp.swift */; };
		04C9DECF2AB964E200B53617 /* TrackerView.swift in Sources */ = {isa = PBXBuildFile; fileRef = 04C9DECE2AB964E200B53617 /* TrackerView.swift */; };
		04C9DED12AB964E500B53617 /* Assets.xcassets in Resources */ = {isa = PBXBuildFile; fileRef = 04C9DED02AB964E500B53617 /* Assets.xcassets */; };
		04C9DED42AB964E500B53617 /* Preview Assets.xcassets in Resources */ = {isa = PBXBuildFile; fileRef = 04C9DED32AB964E500B53617 /* Preview Assets.xcassets */; };
		04C9DEDD2AB966D900B53617 /* MonthSlider.swift in Sources */ = {isa = PBXBuildFile; fileRef = 04C9DEDC2AB966D900B53617 /* MonthSlider.swift */; };
		04C9DEE32AB9684400B53617 /* CalendarManager.swift in Sources */ = {isa = PBXBuildFile; fileRef = 04C9DEE22AB9684400B53617 /* CalendarManager.swift */; };
		04C9DEE52AB9D42A00B53617 /* ..swift in Sources */ = {isa = PBXBuildFile; fileRef = 04C9DEE42AB9D42A00B53617 /* ..swift */; };
/* End PBXBuildFile section */

/* Begin PBXFileReference section */
		04C9DEC92AB964E200B53617 /* AKHabbits.app */ = {isa = PBXFileReference; explicitFileType = wrapper.application; includeInIndex = 0; path = AKHabbits.app; sourceTree = BUILT_PRODUCTS_DIR; };
		04C9DECC2AB964E200B53617 /* AKHabbitsApp.swift */ = {isa = PBXFileReference; lastKnownFileType = sourcecode.swift; path = AKHabbitsApp.swift; sourceTree = "<group>"; };
		04C9DECE2AB964E200B53617 /* TrackerView.swift */ = {isa = PBXFileReference; lastKnownFileType = sourcecode.swift; path = TrackerView.swift; sourceTree = "<group>"; };
		04C9DED02AB964E500B53617 /* Assets.xcassets */ = {isa = PBXFileReference; lastKnownFileType = folder.assetcatalog; path = Assets.xcassets; sourceTree = "<group>"; };
		04C9DED32AB964E500B53617 /* Preview Assets.xcassets */ = {isa = PBXFileReference; lastKnownFileType = folder.assetcatalog; path = "Preview Assets.xcassets"; sourceTree = "<group>"; };
		04C9DEDC2AB966D900B53617 /* MonthSlider.swift */ = {isa = PBXFileReference; lastKnownFileType = sourcecode.swift; path = MonthSlider.swift; sourceTree = "<group>"; };
		04C9DEE22AB9684400B53617 /* CalendarManager.swift */ = {isa = PBXFileReference; lastKnownFileType = sourcecode.swift; path = CalendarManager.swift; sourceTree = "<group>"; };
		04C9DEE42AB9D42A00B53617 /* ..swift */ = {isa = PBXFileReference; lastKnownFileType = sourcecode.swift; path = ..swift; sourceTree = "<group>"; };
/* End PBXFileReference section */

/* Begin PBXFrameworksBuildPhase section */
		04C9DEC62AB964E200B53617 /* Frameworks */ = {
			isa = PBXFrameworksBuildPhase;
			buildActionMask = 2147483647;
			files = (
			);
			runOnlyForDeploymentPostprocessing = 0;
		};
/* End PBXFrameworksBuildPhase section */

/* Begin PBXGroup section */
		04C9DEC02AB964E200B53617 = {
			isa = PBXGroup;
			children = (
				04C9DECB2AB964E200B53617 /* AKHabbits */,
				04C9DECA2AB964E200B53617 /* Products */,
			);
			sourceTree = "<group>";
		};
		04C9DECA2AB964E200B53617 /* Products */ = {
			isa = PBXGroup;
			children = (
				04C9DEC92AB964E200B53617 /* AKHabbits.app */,
			);
			name = Products;
			sourceTree = "<group>";
		};
		04C9DECB2AB964E200B53617 /* AKHabbits */ = {
			isa = PBXGroup;
			children = (
				04C9DEDF2AB9681200B53617 /* App */,
				04C9DEDE2AB9680600B53617 /* Views */,
				04C9DEE02AB9681F00B53617 /* Models */,
				04C9DEE12AB9682F00B53617 /* Managers */,
				04C9DED02AB964E500B53617 /* Assets.xcassets */,
				04C9DED22AB964E500B53617 /* Preview Content */,
			);
			path = AKHabbits;
			sourceTree = "<group>";
		};
		04C9DED22AB964E500B53617 /* Preview Content */ = {
			isa = PBXGroup;
			children = (
				04C9DED32AB964E500B53617 /* Preview Assets.xcassets */,
			);
			path = "Preview Content";
			sourceTree = "<group>";
		};
		04C9DEDE2AB9680600B53617 /* Views */ = {
			isa = PBXGroup;
			children = (
				04C9DEDC2AB966D900B53617 /* MonthSlider.swift */,
				04C9DECE2AB964E200B53617 /* TrackerView.swift */,
				04C9DEE42AB9D42A00B53617 /* ..swift */,
			);
			path = Views;
			sourceTree = "<group>";
		};
		04C9DEDF2AB9681200B53617 /* App */ = {
			isa = PBXGroup;
			children = (
				04C9DECC2AB964E200B53617 /* AKHabbitsApp.swift */,
			);
			path = App;
			sourceTree = "<group>";
		};
		04C9DEE02AB9681F00B53617 /* Models */ = {
			isa = PBXGroup;
			children = (
			);
			path = Models;
			sourceTree = "<group>";
		};
		04C9DEE12AB9682F00B53617 /* Managers */ = {
			isa = PBXGroup;
			children = (
				04C9DEE22AB9684400B53617 /* CalendarManager.swift */,
			);
			path = Managers;
			sourceTree = "<group>";
		};
/* End PBXGroup section */

/* Begin PBXNativeTarget section */
		04C9DEC82AB964E200B53617 /* AKHabbits */ = {
			isa = PBXNativeTarget;
			buildConfigurationList = 04C9DED72AB964E500B53617 /* Build configuration list for PBXNativeTarget "AKHabbits" */;
			buildPhases = (
				04C9DEC52AB964E200B53617 /* Sources */,
				04C9DEC62AB964E200B53617 /* Frameworks */,
				04C9DEC72AB964E200B53617 /* Resources */,
			);
			buildRules = (
			);
			dependencies = (
			);
			name = AKHabbits;
			productName = AKHabbits;
			productReference = 04C9DEC92AB964E200B53617 /* AKHabbits.app */;
			productType = "com.apple.product-type.application";
		};
/* End PBXNativeTarget section */

/* Begin PBXProject section */
		04C9DEC12AB964E200B53617 /* Project object */ = {
			isa = PBXProject;
			attributes = {
				BuildIndependentTargetsInParallel = 1;
				LastSwiftUpdateCheck = 1430;
				LastUpgradeCheck = 1430;
				TargetAttributes = {
					04C9DEC82AB964E200B53617 = {
						CreatedOnToolsVersion = 14.3.1;
					};
				};
			};
			buildConfigurationList = 04C9DEC42AB964E200B53617 /* Build configuration list for PBXProject "AKHabbits" */;
			compatibilityVersion = "Xcode 14.0";
			developmentRegion = en;
			hasScannedForEncodings = 0;
			knownRegions = (
				en,
				Base,
			);
			mainGroup = 04C9DEC02AB964E200B53617;
			productRefGroup = 04C9DECA2AB964E200B53617 /* Products */;
			projectDirPath = "";
			projectRoot = "";
			targets = (
				04C9DEC82AB964E200B53617 /* AKHabbits */,
			);
		};
/* End PBXProject section */

/* Begin PBXResourcesBuildPhase section */
		04C9DEC72AB964E200B53617 /* Resources */ = {
			isa = PBXResourcesBuildPhase;
			buildActionMask = 2147483647;
			files = (
				04C9DED42AB964E500B53617 /* Preview Assets.xcassets in Resources */,
				04C9DED12AB964E500B53617 /* Assets.xcassets in Resources */,
			);
			runOnlyForDeploymentPostprocessing = 0;
		};
/* End PBXResourcesBuildPhase section */

/* Begin PBXSourcesBuildPhase section */
		04C9DEC52AB964E200B53617 /* Sources */ = {
			isa = PBXSourcesBuildPhase;
			buildActionMask = 2147483647;
			files = (
				04C9DECF2AB964E200B53617 /* TrackerView.swift in Sources */,
				04C9DEDD2AB966D900B53617 /* MonthSlider.swift in Sources */,
				04C9DEE52AB9D42A00B53617 /* ..swift in Sources */,
				04C9DECD2AB964E200B53617 /* AKHabbitsApp.swift in Sources */,
				04C9DEE32AB9684400B53617 /* CalendarManager.swift in Sources */,
			);
			runOnlyForDeploymentPostprocessing = 0;
		};
/* End PBXSourcesBuildPhase section */

/* Begin XCBuildConfiguration section */
		04C9DED52AB964E500B53617 /* Debug */ = {
			isa = XCBuildConfiguration;
			buildSettings = {
				ALWAYS_SEARCH_USER_PATHS = NO;
				CLANG_ANALYZER_NONNULL = YES;
				CLANG_ANALYZER_NUMBER_OBJECT_CONVERSION = YES_AGGRESSIVE;
				CLANG_CXX_LANGUAGE_STANDARD = "gnu++20";
				CLANG_ENABLE_MODULES = YES;
				CLANG_ENABLE_OBJC_ARC = YES;
				CLANG_ENABLE_OBJC_WEAK = YES;
				CLANG_WARN_BLOCK_CAPTURE_AUTORELEASING = YES;
				CLANG_WARN_BOOL_CONVERSION = YES;
				CLANG_WARN_COMMA = YES;
				CLANG_WARN_CONSTANT_CONVERSION = YES;
				CLANG_WARN_DEPRECATED_OBJC_IMPLEMENTATIONS = YES;
				CLANG_WARN_DIRECT_OBJC_ISA_USAGE = YES_ERROR;
				CLANG_WARN_DOCUMENTATION_COMMENTS = YES;
				CLANG_WARN_EMPTY_BODY = YES;
				CLANG_WARN_ENUM_CONVERSION = YES;
				CLANG_WARN_INFINITE_RECURSION = YES;
				CLANG_WARN_INT_CONVERSION = YES;
				CLANG_WARN_NON_LITERAL_NULL_CONVERSION = YES;
				CLANG_WARN_OBJC_IMPLICIT_RETAIN_SELF = YES;
				CLANG_WARN_OBJC_LITERAL_CONVERSION = YES;
				CLANG_WARN_OBJC_ROOT_CLASS = YES_ERROR;
				CLANG_WARN_QUOTED_INCLUDE_IN_FRAMEWORK_HEADER = YES;
				CLANG_WARN_RANGE_LOOP_ANALYSIS = YES;
				CLANG_WARN_STRICT_PROTOTYPES = YES;
				CLANG_WARN_SUSPICIOUS_MOVE = YES;
				CLANG_WARN_UNGUARDED_AVAILABILITY = YES_AGGRESSIVE;
				CLANG_WARN_UNREACHABLE_CODE = YES;
				CLANG_WARN__DUPLICATE_METHOD_MATCH = YES;
				COPY_PHASE_STRIP = NO;
				DEBUG_INFORMATION_FORMAT = dwarf;
				ENABLE_STRICT_OBJC_MSGSEND = YES;
				ENABLE_TESTABILITY = YES;
				GCC_C_LANGUAGE_STANDARD = gnu11;
				GCC_DYNAMIC_NO_PIC = NO;
				GCC_NO_COMMON_BLOCKS = YES;
				GCC_OPTIMIZATION_LEVEL = 0;
				GCC_PREPROCESSOR_DEFINITIONS = (
					"DEBUG=1",
					"$(inherited)",
				);
				GCC_WARN_64_TO_32_BIT_CONVERSION = YES;
				GCC_WARN_ABOUT_RETURN_TYPE = YES_ERROR;
				GCC_WARN_UNDECLARED_SELECTOR = YES;
				GCC_WARN_UNINITIALIZED_AUTOS = YES_AGGRESSIVE;
				GCC_WARN_UNUSED_FUNCTION = YES;
				GCC_WARN_UNUSED_VARIABLE = YES;
				IPHONEOS_DEPLOYMENT_TARGET = 16.4;
				MTL_ENABLE_DEBUG_INFO = INCLUDE_SOURCE;
				MTL_FAST_MATH = YES;
				ONLY_ACTIVE_ARCH = YES;
				SDKROOT = iphoneos;
				SWIFT_ACTIVE_COMPILATION_CONDITIONS = DEBUG;
				SWIFT_OPTIMIZATION_LEVEL = "-Onone";
			};
			name = Debug;
		};
		04C9DED62AB964E500B53617 /* Release */ = {
			isa = XCBuildConfiguration;
			buildSettings = {
				ALWAYS_SEARCH_USER_PATHS = NO;
				CLANG_ANALYZER_NONNULL = YES;
				CLANG_ANALYZER_NUMBER_OBJECT_CONVERSION = YES_AGGRESSIVE;
				CLANG_CXX_LANGUAGE_STANDARD = "gnu++20";
				CLANG_ENABLE_MODULES = YES;
				CLANG_ENABLE_OBJC_ARC = YES;
				CLANG_ENABLE_OBJC_WEAK = YES;
				CLANG_WARN_BLOCK_CAPTURE_AUTORELEASING = YES;
				CLANG_WARN_BOOL_CONVERSION = YES;
				CLANG_WARN_COMMA = YES;
				CLANG_WARN_CONSTANT_CONVERSION = YES;
				CLANG_WARN_DEPRECATED_OBJC_IMPLEMENTATIONS = YES;
				CLANG_WARN_DIRECT_OBJC_ISA_USAGE = YES_ERROR;
				CLANG_WARN_DOCUMENTATION_COMMENTS = YES;
				CLANG_WARN_EMPTY_BODY = YES;
				CLANG_WARN_ENUM_CONVERSION = YES;
				CLANG_WARN_INFINITE_RECURSION = YES;
				CLANG_WARN_INT_CONVERSION = YES;
				CLANG_WARN_NON_LITERAL_NULL_CONVERSION = YES;
				CLANG_WARN_OBJC_IMPLICIT_RETAIN_SELF = YES;
				CLANG_WARN_OBJC_LITERAL_CONVERSION = YES;
				CLANG_WARN_OBJC_ROOT_CLASS = YES_ERROR;
				CLANG_WARN_QUOTED_INCLUDE_IN_FRAMEWORK_HEADER = YES;
				CLANG_WARN_RANGE_LOOP_ANALYSIS = YES;
				CLANG_WARN_STRICT_PROTOTYPES = YES;
				CLANG_WARN_SUSPICIOUS_MOVE = YES;
				CLANG_WARN_UNGUARDED_AVAILABILITY = YES_AGGRESSIVE;
				CLANG_WARN_UNREACHABLE_CODE = YES;
				CLANG_WARN__DUPLICATE_METHOD_MATCH = YES;
				COPY_PHASE_STRIP = NO;
				DEBUG_INFORMATION_FORMAT = "dwarf-with-dsym";
				ENABLE_NS_ASSERTIONS = NO;
				ENABLE_STRICT_OBJC_MSGSEND = YES;
				GCC_C_LANGUAGE_STANDARD = gnu11;
				GCC_NO_COMMON_BLOCKS = YES;
				GCC_WARN_64_TO_32_BIT_CONVERSION = YES;
				GCC_WARN_ABOUT_RETURN_TYPE = YES_ERROR;
				GCC_WARN_UNDECLARED_SELECTOR = YES;
				GCC_WARN_UNINITIALIZED_AUTOS = YES_AGGRESSIVE;
				GCC_WARN_UNUSED_FUNCTION = YES;
				GCC_WARN_UNUSED_VARIABLE = YES;
				IPHONEOS_DEPLOYMENT_TARGET = 16.4;
				MTL_ENABLE_DEBUG_INFO = NO;
				MTL_FAST_MATH = YES;
				SDKROOT = iphoneos;
				SWIFT_COMPILATION_MODE = wholemodule;
				SWIFT_OPTIMIZATION_LEVEL = "-O";
				VALIDATE_PRODUCT = YES;
			};
			name = Release;
		};
		04C9DED82AB964E500B53617 /* Debug */ = {
			isa = XCBuildConfiguration;
			buildSettings = {
				ASSETCATALOG_COMPILER_APPICON_NAME = AppIcon;
				ASSETCATALOG_COMPILER_GLOBAL_ACCENT_COLOR_NAME = AccentColor;
				CODE_SIGN_STYLE = Automatic;
				CURRENT_PROJECT_VERSION = 1;
				DEVELOPMENT_ASSET_PATHS = "\"AKHabbits/Preview Content\"";
				DEVELOPMENT_TEAM = J2C6GVHVQ9;
				ENABLE_PREVIEWS = YES;
				GENERATE_INFOPLIST_FILE = YES;
				INFOPLIST_KEY_UIApplicationSceneManifest_Generation = YES;
				INFOPLIST_KEY_UIApplicationSupportsIndirectInputEvents = YES;
				INFOPLIST_KEY_UILaunchScreen_Generation = YES;
				INFOPLIST_KEY_UISupportedInterfaceOrientations_iPad = "UIInterfaceOrientationPortrait UIInterfaceOrientationPortraitUpsideDown UIInterfaceOrientationLandscapeLeft UIInterfaceOrientationLandscapeRight";
				INFOPLIST_KEY_UISupportedInterfaceOrientations_iPhone = "UIInterfaceOrientationPortrait UIInterfaceOrientationLandscapeLeft UIInterfaceOrientationLandscapeRight";
				LD_RUNPATH_SEARCH_PATHS = (
					"$(inherited)",
					"@executable_path/Frameworks",
				);
				MARKETING_VERSION = 1.0;
				PRODUCT_BUNDLE_IDENTIFIER = AK.AKHabbits;
				PRODUCT_NAME = "$(TARGET_NAME)";
				SWIFT_EMIT_LOC_STRINGS = YES;
				SWIFT_VERSION = 5.0;
				TARGETED_DEVICE_FAMILY = "1,2";
			};
			name = Debug;
		};
		04C9DED92AB964E500B53617 /* Release */ = {
			isa = XCBuildConfiguration;
			buildSettings = {
				ASSETCATALOG_COMPILER_APPICON_NAME = AppIcon;
				ASSETCATALOG_COMPILER_GLOBAL_ACCENT_COLOR_NAME = AccentColor;
				CODE_SIGN_STYLE = Automatic;
				CURRENT_PROJECT_VERSION = 1;
				DEVELOPMENT_ASSET_PATHS = "\"AKHabbits/Preview Content\"";
				DEVELOPMENT_TEAM = J2C6GVHVQ9;
				ENABLE_PREVIEWS = YES;
				GENERATE_INFOPLIST_FILE = YES;
				INFOPLIST_KEY_UIApplicationSceneManifest_Generation = YES;
				INFOPLIST_KEY_UIApplicationSupportsIndirectInputEvents = YES;
				INFOPLIST_KEY_UILaunchScreen_Generation = YES;
				INFOPLIST_KEY_UISupportedInterfaceOrientations_iPad = "UIInterfaceOrientationPortrait UIInterfaceOrientationPortraitUpsideDown UIInterfaceOrientationLandscapeLeft UIInterfaceOrientationLandscapeRight";
				INFOPLIST_KEY_UISupportedInterfaceOrientations_iPhone = "UIInterfaceOrientationPortrait UIInterfaceOrientationLandscapeLeft UIInterfaceOrientationLandscapeRight";
				LD_RUNPATH_SEARCH_PATHS = (
					"$(inherited)",
					"@executable_path/Frameworks",
				);
				MARKETING_VERSION = 1.0;
				PRODUCT_BUNDLE_IDENTIFIER = AK.AKHabbits;
				PRODUCT_NAME = "$(TARGET_NAME)";
				SWIFT_EMIT_LOC_STRINGS = YES;
				SWIFT_VERSION = 5.0;
				TARGETED_DEVICE_FAMILY = "1,2";
			};
			name = Release;
		};
/* End XCBuildConfiguration section */

/* Begin XCConfigurationList section */
		04C9DEC42AB964E200B53617 /* Build configuration list for PBXProject "AKHabbits" */ = {
			isa = XCConfigurationList;
			buildConfigurations = (
				04C9DED52AB964E500B53617 /* Debug */,
				04C9DED62AB964E500B53617 /* Release */,
			);
			defaultConfigurationIsVisible = 0;
			defaultConfigurationName = Release;
		};
		04C9DED72AB964E500B53617 /* Build configuration list for PBXNativeTarget "AKHabbits" */ = {
			isa = XCConfigurationList;
			buildConfigurations = (
				04C9DED82AB964E500B53617 /* Debug */,
				04C9DED92AB964E500B53617 /* Release */,
			);
			defaultConfigurationIsVisible = 0;
			defaultConfigurationName = Release;
		};
/* End XCConfigurationList section */
	};
	rootObject = 04C9DEC12AB964E200B53617 /* Project object */;
}
